
Microsoft Visual Studio Solution File, Format Version 12.00
# Visual Studio Version 17
VisualStudioVersion = 17.0.31903.59
MinimumVisualStudioVersion = 10.0.40219.1
Project("{2150E333-8FDC-42A3-9474-1A3956D46DE8}") = "src", "src", "{827E0CD3-B72D-47B6-A68D-7590B98EB39B}"
EndProject
Project("{FAE04EC0-301F-11D3-BF4B-00C04F79EFBC}") = "MythicNexus.Api", "src\MythicNexus.Api\MythicNexus.Api.csproj", "{5E5E2B78-ECE0-486A-A990-35FEB075AEE9}"
EndProject
Project("{FAE04EC0-301F-11D3-BF4B-00C04F79EFBC}") = "MythicNexus.Domain", "src\MythicNexus.Domain\MythicNexus.Domain.csproj", "{7314AF3A-EDA2-4DFE-AA00-9416ACB44391}"
EndProject
Project("{FAE04EC0-301F-11D3-BF4B-00C04F79EFBC}") = "MythicNexus.Application", "src\MythicNexus.Application\MythicNexus.Application.csproj", "{34696820-FE79-4308-BD4A-61B2172ACD7F}"
EndProject
Project("{FAE04EC0-301F-11D3-BF4B-00C04F79EFBC}") = "MythicNexus.Infrastructure", "src\MythicNexus.Infrastructure\MythicNexus.Infrastructure.csproj", "{F90FEAA2-1E0D-4A01-B8D1-75ED7C9FC7A3}"
EndProject
Project("{2150E333-8FDC-42A3-9474-1A3956D46DE8}") = "tests", "tests", "{0AB3BF05-4346-4AA6-1389-037BE0695223}"
EndProject
Project("{FAE04EC0-301F-11D3-BF4B-00C04F79EFBC}") = "MythicNexus.Domain.Tests", "tests\MythicNexus.Domain.Tests\MythicNexus.Domain.Tests.csproj", "{56856488-EDDF-4DFB-BDC5-2E190B6018C7}"
EndProject
Project("{FAE04EC0-301F-11D3-BF4B-00C04F79EFBC}") = "MythicNexus.Application.Tests", "tests\MythicNexus.Application.Tests\MythicNexus.Application.Tests.csproj", "{5F910D56-6D7E-41BC-8906-F4087640DD67}"
EndProject
Project("{FAE04EC0-301F-11D3-BF4B-00C04F79EFBC}") = "MythicNexus.Infrastructure.Tests", "tests\MythicNexus.Infrastructure.Tests\MythicNexus.Infrastructure.Tests.csproj", "{C569ED74-7D72-49C1-BBD7-2B9CEC0CCBA2}"
EndProject
Project("{FAE04EC0-301F-11D3-BF4B-00C04F79EFBC}") = "MythicNexus.Api.IntegrationTests", "tests\MythicNexus.Api.IntegrationTests\MythicNexus.Api.IntegrationTests.csproj", "{DE7468BF-E675-4A78-8A35-20A4EFA41CB9}"
EndProject
Global
	GlobalSection(SolutionConfigurationPlatforms) = preSolution
		Debug|Any CPU = Debug|Any CPU
		Debug|x64 = Debug|x64
		Debug|x86 = Debug|x86
		Release|Any CPU = Release|Any CPU
		Release|x64 = Release|x64
		Release|x86 = Release|x86
	EndGlobalSection
	GlobalSection(ProjectConfigurationPlatforms) = postSolution
		{5E5E2B78-ECE0-486A-A990-35FEB075AEE9}.Debug|Any CPU.ActiveCfg = Debug|Any CPU
		{5E5E2B78-ECE0-486A-A990-35FEB075AEE9}.Debug|Any CPU.Build.0 = Debug|Any CPU
		{5E5E2B78-ECE0-486A-A990-35FEB075AEE9}.Debug|x64.ActiveCfg = Debug|Any CPU
		{5E5E2B78-ECE0-486A-A990-35FEB075AEE9}.Debug|x64.Build.0 = Debug|Any CPU
		{5E5E2B78-ECE0-486A-A990-35FEB075AEE9}.Debug|x86.ActiveCfg = Debug|Any CPU
		{5E5E2B78-ECE0-486A-A990-35FEB075AEE9}.Debug|x86.Build.0 = Debug|Any CPU
		{5E5E2B78-ECE0-486A-A990-35FEB075AEE9}.Release|Any CPU.ActiveCfg = Release|Any CPU
		{5E5E2B78-ECE0-486A-A990-35FEB075AEE9}.Release|Any CPU.Build.0 = Release|Any CPU
		{5E5E2B78-ECE0-486A-A990-35FEB075AEE9}.Release|x64.ActiveCfg = Release|Any CPU
		{5E5E2B78-ECE0-486A-A990-35FEB075AEE9}.Release|x64.Build.0 = Release|Any CPU
		{5E5E2B78-ECE0-486A-A990-35FEB075AEE9}.Release|x86.ActiveCfg = Release|Any CPU
		{5E5E2B78-ECE0-486A-A990-35FEB075AEE9}.Release|x86.Build.0 = Release|Any CPU
		{7314AF3A-EDA2-4DFE-AA00-9416ACB44391}.Debug|Any CPU.ActiveCfg = Debug|Any CPU
		{7314AF3A-EDA2-4DFE-AA00-9416ACB44391}.Debug|Any CPU.Build.0 = Debug|Any CPU
		{7314AF3A-EDA2-4DFE-AA00-9416ACB44391}.Debug|x64.ActiveCfg = Debug|Any CPU
		{7314AF3A-EDA2-4DFE-AA00-9416ACB44391}.Debug|x64.Build.0 = Debug|Any CPU
		{7314AF3A-EDA2-4DFE-AA00-9416ACB44391}.Debug|x86.ActiveCfg = Debug|Any CPU
		{7314AF3A-EDA2-4DFE-AA00-9416ACB44391}.Debug|x86.Build.0 = Debug|Any CPU
		{7314AF3A-EDA2-4DFE-AA00-9416ACB44391}.Release|Any CPU.ActiveCfg = Release|Any CPU
		{7314AF3A-EDA2-4DFE-AA00-9416ACB44391}.Release|Any CPU.Build.0 = Release|Any CPU
		{7314AF3A-EDA2-4DFE-AA00-9416ACB44391}.Release|x64.ActiveCfg = Release|Any CPU
		{7314AF3A-EDA2-4DFE-AA00-9416ACB44391}.Release|x64.Build.0 = Release|Any CPU
		{7314AF3A-EDA2-4DFE-AA00-9416ACB44391}.Release|x86.ActiveCfg = Release|Any CPU
		{7314AF3A-EDA2-4DFE-AA00-9416ACB44391}.Release|x86.Build.0 = Release|Any CPU
		{34696820-FE79-4308-BD4A-61B2172ACD7F}.Debug|Any CPU.ActiveCfg = Debug|Any CPU
		{34696820-FE79-4308-BD4A-61B2172ACD7F}.Debug|Any CPU.Build.0 = Debug|Any CPU
		{34696820-FE79-4308-BD4A-61B2172ACD7F}.Debug|x64.ActiveCfg = Debug|Any CPU
		{34696820-FE79-4308-BD4A-61B2172ACD7F}.Debug|x64.Build.0 = Debug|Any CPU
		{34696820-FE79-4308-BD4A-61B2172ACD7F}.Debug|x86.ActiveCfg = Debug|Any CPU
		{34696820-FE79-4308-BD4A-61B2172ACD7F}.Debug|x86.Build.0 = Debug|Any CPU
		{34696820-FE79-4308-BD4A-61B2172ACD7F}.Release|Any CPU.ActiveCfg = Release|Any CPU
		{34696820-FE79-4308-BD4A-61B2172ACD7F}.Release|Any CPU.Build.0 = Release|Any CPU
		{34696820-FE79-4308-BD4A-61B2172ACD7F}.Release|x64.ActiveCfg = Release|Any CPU
		{34696820-FE79-4308-BD4A-61B2172ACD7F}.Release|x64.Build.0 = Release|Any CPU
		{34696820-FE79-4308-BD4A-61B2172ACD7F}.Release|x86.ActiveCfg = Release|Any CPU
		{34696820-FE79-4308-BD4A-61B2172ACD7F}.Release|x86.Build.0 = Release|Any CPU
		{F90FEAA2-1E0D-4A01-B8D1-75ED7C9FC7A3}.Debug|Any CPU.ActiveCfg = Debug|Any CPU
		{F90FEAA2-1E0D-4A01-B8D1-75ED7C9FC7A3}.Debug|Any CPU.Build.0 = Debug|Any CPU
		{F90FEAA2-1E0D-4A01-B8D1-75ED7C9FC7A3}.Debug|x64.ActiveCfg = Debug|Any CPU
		{F90FEAA2-1E0D-4A01-B8D1-75ED7C9FC7A3}.Debug|x64.Build.0 = Debug|Any CPU
		{F90FEAA2-1E0D-4A01-B8D1-75ED7C9FC7A3}.Debug|x86.ActiveCfg = Debug|Any CPU
		{F90FEAA2-1E0D-4A01-B8D1-75ED7C9FC7A3}.Debug|x86.Build.0 = Debug|Any CPU
		{F90FEAA2-1E0D-4A01-B8D1-75ED7C9FC7A3}.Release|Any CPU.ActiveCfg = Release|Any CPU
		{F90FEAA2-1E0D-4A01-B8D1-75ED7C9FC7A3}.Release|Any CPU.Build.0 = Release|Any CPU
		{F90FEAA2-1E0D-4A01-B8D1-75ED7C9FC7A3}.Release|x64.ActiveCfg = Release|Any CPU
		{F90FEAA2-1E0D-4A01-B8D1-75ED7C9FC7A3}.Release|x64.Build.0 = Release|Any CPU
		{F90FEAA2-1E0D-4A01-B8D1-75ED7C9FC7A3}.Release|x86.ActiveCfg = Release|Any CPU
		{F90FEAA2-1E0D-4A01-B8D1-75ED7C9FC7A3}.Release|x86.Build.0 = Release|Any CPU
		{56856488-EDDF-4DFB-BDC5-2E190B6018C7}.Debug|Any CPU.ActiveCfg = Debug|Any CPU
		{56856488-EDDF-4DFB-BDC5-2E190B6018C7}.Debug|Any CPU.Build.0 = Debug|Any CPU
		{56856488-EDDF-4DFB-BDC5-2E190B6018C7}.Debug|x64.ActiveCfg = Debug|Any CPU
		{56856488-EDDF-4DFB-BDC5-2E190B6018C7}.Debug|x64.Build.0 = Debug|Any CPU
		{56856488-EDDF-4DFB-BDC5-2E190B6018C7}.Debug|x86.ActiveCfg = Debug|Any CPU
		{56856488-EDDF-4DFB-BDC5-2E190B6018C7}.Debug|x86.Build.0 = Debug|Any CPU
		{56856488-EDDF-4DFB-BDC5-2E190B6018C7}.Release|Any CPU.ActiveCfg = Release|Any CPU
		{56856488-EDDF-4DFB-BDC5-2E190B6018C7}.Release|Any CPU.Build.0 = Release|Any CPU
		{56856488-EDDF-4DFB-BDC5-2E190B6018C7}.Release|x64.ActiveCfg = Release|Any CPU
		{56856488-EDDF-4DFB-BDC5-2E190B6018C7}.Release|x64.Build.0 = Release|Any CPU
		{56856488-EDDF-4DFB-BDC5-2E190B6018C7}.Release|x86.ActiveCfg = Release|Any CPU
		{56856488-EDDF-4DFB-BDC5-2E190B6018C7}.Release|x86.Build.0 = Release|Any CPU
		{5F910D56-6D7E-41BC-8906-F4087640DD67}.Debug|Any CPU.ActiveCfg = Debug|Any CPU
		{5F910D56-6D7E-41BC-8906-F4087640DD67}.Debug|Any CPU.Build.0 = Debug|Any CPU
		{5F910D56-6D7E-41BC-8906-F4087640DD67}.Debug|x64.ActiveCfg = Debug|Any CPU
		{5F910D56-6D7E-41BC-8906-F4087640DD67}.Debug|x64.Build.0 = Debug|Any CPU
		{5F910D56-6D7E-41BC-8906-F4087640DD67}.Debug|x86.ActiveCfg = Debug|Any CPU
		{5F910D56-6D7E-41BC-8906-F4087640DD67}.Debug|x86.Build.0 = Debug|Any CPU
		{5F910D56-6D7E-41BC-8906-F4087640DD67}.Release|Any CPU.ActiveCfg = Release|Any CPU
		{5F910D56-6D7E-41BC-8906-F4087640DD67}.Release|Any CPU.Build.0 = Release|Any CPU
		{5F910D56-6D7E-41BC-8906-F4087640DD67}.Release|x64.ActiveCfg = Release|Any CPU
		{5F910D56-6D7E-41BC-8906-F4087640DD67}.Release|x64.Build.0 = Release|Any CPU
		{5F910D56-6D7E-41BC-8906-F4087640DD67}.Release|x86.ActiveCfg = Release|Any CPU
		{5F910D56-6D7E-41BC-8906-F4087640DD67}.Release|x86.Build.0 = Release|Any CPU
		{C569ED74-7D72-49C1-BBD7-2B9CEC0CCBA2}.Debug|Any CPU.ActiveCfg = Debug|Any CPU
		{C569ED74-7D72-49C1-BBD7-2B9CEC0CCBA2}.Debug|Any CPU.Build.0 = Debug|Any CPU
		{C569ED74-7D72-49C1-BBD7-2B9CEC0CCBA2}.Debug|x64.ActiveCfg = Debug|Any CPU
		{C569ED74-7D72-49C1-BBD7-2B9CEC0CCBA2}.Debug|x64.Build.0 = Debug|Any CPU
		{C569ED74-7D72-49C1-BBD7-2B9CEC0CCBA2}.Debug|x86.ActiveCfg = Debug|Any CPU
		{C569ED74-7D72-49C1-BBD7-2B9CEC0CCBA2}.Debug|x86.Build.0 = Debug|Any CPU
		{C569ED74-7D72-49C1-BBD7-2B9CEC0CCBA2}.Release|Any CPU.ActiveCfg = Release|Any CPU
		{C569ED74-7D72-49C1-BBD7-2B9CEC0CCBA2}.Release|Any CPU.Build.0 = Release|Any CPU
		{C569ED74-7D72-49C1-BBD7-2B9CEC0CCBA2}.Release|x64.ActiveCfg = Release|Any CPU
		{C569ED74-7D72-49C1-BBD7-2B9CEC0CCBA2}.Release|x64.Build.0 = Release|Any CPU
		{C569ED74-7D72-49C1-BBD7-2B9CEC0CCBA2}.Release|x86.ActiveCfg = Release|Any CPU
		{C569ED74-7D72-49C1-BBD7-2B9CEC0CCBA2}.Release|x86.Build.0 = Release|Any CPU
		{DE7468BF-E675-4A78-8A35-20A4EFA41CB9}.Debug|Any CPU.ActiveCfg = Debug|Any CPU
		{DE7468BF-E675-4A78-8A35-20A4EFA41CB9}.Debug|Any CPU.Build.0 = Debug|Any CPU
		{DE7468BF-E675-4A78-8A35-20A4EFA41CB9}.Debug|x64.ActiveCfg = Debug|Any CPU
		{DE7468BF-E675-4A78-8A35-20A4EFA41CB9}.Debug|x64.Build.0 = Debug|Any CPU
		{DE7468BF-E675-4A78-8A35-20A4EFA41CB9}.Debug|x86.ActiveCfg = Debug|Any CPU
		{DE7468BF-E675-4A78-8A35-20A4EFA41CB9}.Debug|x86.Build.0 = Debug|Any CPU
		{DE7468BF-E675-4A78-8A35-20A4EFA41CB9}.Release|Any CPU.ActiveCfg = Release|Any CPU
		{DE7468BF-E675-4A78-8A35-20A4EFA41CB9}.Release|Any CPU.Build.0 = Release|Any CPU
		{DE7468BF-E675-4A78-8A35-20A4EFA41CB9}.Release|x64.ActiveCfg = Release|Any CPU
		{DE7468BF-E675-4A78-8A35-20A4EFA41CB9}.Release|x64.Build.0 = Release|Any CPU
		{DE7468BF-E675-4A78-8A35-20A4EFA41CB9}.Release|x86.ActiveCfg = Release|Any CPU
		{DE7468BF-E675-4A78-8A35-20A4EFA41CB9}.Release|x86.Build.0 = Release|Any CPU
	EndGlobalSection
	GlobalSection(SolutionProperties) = preSolution
		HideSolutionNode = FALSE
	EndGlobalSection
	GlobalSection(NestedProjects) = preSolution
		{5E5E2B78-ECE0-486A-A990-35FEB075AEE9} = {827E0CD3-B72D-47B6-A68D-7590B98EB39B}
		{7314AF3A-EDA2-4DFE-AA00-9416ACB44391} = {827E0CD3-B72D-47B6-A68D-7590B98EB39B}
		{34696820-FE79-4308-BD4A-61B2172ACD7F} = {827E0CD3-B72D-47B6-A68D-7590B98EB39B}
		{F90FEAA2-1E0D-4A01-B8D1-75ED7C9FC7A3} = {827E0CD3-B72D-47B6-A68D-7590B98EB39B}
		{56856488-EDDF-4DFB-BDC5-2E190B6018C7} = {0AB3BF05-4346-4AA6-1389-037BE0695223}
		{5F910D56-6D7E-41BC-8906-F4087640DD67} = {0AB3BF05-4346-4AA6-1389-037BE0695223}
		{C569ED74-7D72-49C1-BBD7-2B9CEC0CCBA2} = {0AB3BF05-4346-4AA6-1389-037BE0695223}
		{DE7468BF-E675-4A78-8A35-20A4EFA41CB9} = {0AB3BF05-4346-4AA6-1389-037BE0695223}
	EndGlobalSection
EndGlobal
